
Microsoft Visual Studio Solution File, Format Version 12.00
# Visual Studio Version 17
VisualStudioVersion = 17.5.33530.505
MinimumVisualStudioVersion = 10.0.40219.1
Project("{9A19103F-16F7-4668-BE54-9A1E7A4F7556}") = "DynamicWebApi", "DynamicWebApi\DynamicWebApi.csproj", "{7D6D00B3-3512-4193-8AAE-68821EDDCB87}"
EndProject
Project("{9A19103F-16F7-4668-BE54-9A1E7A4F7556}") = "Application", "Application\Application.csproj", "{5E1B9CA3-B7A2-4B07-809F-B3CF08456ACD}"
EndProject
Project("{9A19103F-16F7-4668-BE54-9A1E7A4F7556}") = "ApplicationCommon", "ApplicationCommon\ApplicationCommon.csproj", "{FD4E84E0-1D57-4C82-A5E7-9D0952CE2C78}"
EndProject
Project("{FAE04EC0-301F-11D3-BF4B-00C04F79EFBC}") = "Repository", "Repository\Repository.csproj", "{DACC383C-4F66-4A3A-9563-457ACB01E28E}"
EndProject
Project("{FAE04EC0-301F-11D3-BF4B-00C04F79EFBC}") = "Core", "Core\Core.csproj", "{6987456D-A307-49E1-B0E9-D4C5B9B8B0F9}"
EndProject
Global
	GlobalSection(SolutionConfigurationPlatforms) = preSolution
		Debug|Any CPU = Debug|Any CPU
		Release|Any CPU = Release|Any CPU
	EndGlobalSection
	GlobalSection(ProjectConfigurationPlatforms) = postSolution
		{7D6D00B3-3512-4193-8AAE-68821EDDCB87}.Debug|Any CPU.ActiveCfg = Debug|Any CPU
		{7D6D00B3-3512-4193-8AAE-68821EDDCB87}.Debug|Any CPU.Build.0 = Debug|Any CPU
		{7D6D00B3-3512-4193-8AAE-68821EDDCB87}.Release|Any CPU.ActiveCfg = Release|Any CPU
		{7D6D00B3-3512-4193-8AAE-68821EDDCB87}.Release|Any CPU.Build.0 = Release|Any CPU
		{5E1B9CA3-B7A2-4B07-809F-B3CF08456ACD}.Debug|Any CPU.ActiveCfg = Debug|Any CPU
		{5E1B9CA3-B7A2-4B07-809F-B3CF08456ACD}.Debug|Any CPU.Build.0 = Debug|Any CPU
		{5E1B9CA3-B7A2-4B07-809F-B3CF08456ACD}.Release|Any CPU.ActiveCfg = Release|Any CPU
		{5E1B9CA3-B7A2-4B07-809F-B3CF08456ACD}.Release|Any CPU.Build.0 = Release|Any CPU
		{FD4E84E0-1D57-4C82-A5E7-9D0952CE2C78}.Debug|Any CPU.ActiveCfg = Debug|Any CPU
		{FD4E84E0-1D57-4C82-A5E7-9D0952CE2C78}.Debug|Any CPU.Build.0 = Debug|Any CPU
		{FD4E84E0-1D57-4C82-A5E7-9D0952CE2C78}.Release|Any CPU.ActiveCfg = Release|Any CPU
		{FD4E84E0-1D57-4C82-A5E7-9D0952CE2C78}.Release|Any CPU.Build.0 = Release|Any CPU
		{DACC383C-4F66-4A3A-9563-457ACB01E28E}.Debug|Any CPU.ActiveCfg = Debug|Any CPU
		{DACC383C-4F66-4A3A-9563-457ACB01E28E}.Debug|Any CPU.Build.0 = Debug|Any CPU
		{DACC383C-4F66-4A3A-9563-457ACB01E28E}.Release|Any CPU.ActiveCfg = Release|Any CPU
		{DACC383C-4F66-4A3A-9563-457ACB01E28E}.Release|Any CPU.Build.0 = Release|Any CPU
		{6987456D-A307-49E1-B0E9-D4C5B9B8B0F9}.Debug|Any CPU.ActiveCfg = Debug|Any CPU
		{6987456D-A307-49E1-B0E9-D4C5B9B8B0F9}.Debug|Any CPU.Build.0 = Debug|Any CPU
		{6987456D-A307-49E1-B0E9-D4C5B9B8B0F9}.Release|Any CPU.ActiveCfg = Release|Any CPU
		{6987456D-A307-49E1-B0E9-D4C5B9B8B0F9}.Release|Any CPU.Build.0 = Release|Any CPU
	EndGlobalSection
	GlobalSection(SolutionProperties) = preSolution
		HideSolutionNode = FALSE
	EndGlobalSection
	GlobalSection(ExtensibilityGlobals) = postSolution
		SolutionGuid = {F7A4CC5F-B95B-4F5D-B5ED-409D23EAA3C7}
	EndGlobalSection
EndGlobal
